
Microsoft Visual Studio Solution File, Format Version 12.00
# Visual Studio 14
VisualStudioVersion = 14.0.24720.0
MinimumVisualStudioVersion = 10.0.40219.1
Project("{FAE04EC0-301F-11D3-BF4B-00C04F79EFBC}") = "Contacts.Droid", "Contacts\Contacts.Droid\Contacts.Droid.csproj", "{62CB6FA4-8119-4A92-A40B-ABE097B2B0BA}"
EndProject
Project("{FAE04EC0-301F-11D3-BF4B-00C04F79EFBC}") = "Contacts.iOS", "Contacts\Contacts.iOS\Contacts.iOS.csproj", "{406ED939-1A8D-4F86-96CD-F94AFF5CC66E}"
EndProject
Project("{FAE04EC0-301F-11D3-BF4B-00C04F79EFBC}") = "Contacts.WinPhone", "Contacts\Contacts.WinPhone\Contacts.WinPhone.csproj", "{E42AA95C-6DB3-4ACE-8A4F-0596C0A6B832}"
EndProject
Project("{FAE04EC0-301F-11D3-BF4B-00C04F79EFBC}") = "Contacts", "Contacts\Contacts\Contacts.csproj", "{461866BE-B985-4CB1-B756-BBA74CE2D094}"
EndProject
Project("{FAE04EC0-301F-11D3-BF4B-00C04F79EFBC}") = "Contacts.Proxy", "Contacts.Proxy\Contacts.Proxy.csproj", "{120F02ED-DBD8-455B-98D8-ADAF84EDD3EC}"
EndProject
Project("{FAE04EC0-301F-11D3-BF4B-00C04F79EFBC}") = "Contacts.Model", "Contacts.Model\Contacts.Model.csproj", "{F4558AEA-A6DE-457C-87EC-A09FF21CD004}"
EndProject
Global
	GlobalSection(SolutionConfigurationPlatforms) = preSolution
		Ad-Hoc|Any CPU = Ad-Hoc|Any CPU
		Ad-Hoc|ARM = Ad-Hoc|ARM
		Ad-Hoc|iPhone = Ad-Hoc|iPhone
		Ad-Hoc|iPhoneSimulator = Ad-Hoc|iPhoneSimulator
		Ad-Hoc|x86 = Ad-Hoc|x86
		AppStore|Any CPU = AppStore|Any CPU
		AppStore|ARM = AppStore|ARM
		AppStore|iPhone = AppStore|iPhone
		AppStore|iPhoneSimulator = AppStore|iPhoneSimulator
		AppStore|x86 = AppStore|x86
		Debug|Any CPU = Debug|Any CPU
		Debug|ARM = Debug|ARM
		Debug|iPhone = Debug|iPhone
		Debug|iPhoneSimulator = Debug|iPhoneSimulator
		Debug|x86 = Debug|x86
		Release|Any CPU = Release|Any CPU
		Release|ARM = Release|ARM
		Release|iPhone = Release|iPhone
		Release|iPhoneSimulator = Release|iPhoneSimulator
		Release|x86 = Release|x86
	EndGlobalSection
	GlobalSection(ProjectConfigurationPlatforms) = postSolution
		{62CB6FA4-8119-4A92-A40B-ABE097B2B0BA}.Ad-Hoc|Any CPU.ActiveCfg = Release|Any CPU
		{62CB6FA4-8119-4A92-A40B-ABE097B2B0BA}.Ad-Hoc|Any CPU.Build.0 = Release|Any CPU
		{62CB6FA4-8119-4A92-A40B-ABE097B2B0BA}.Ad-Hoc|Any CPU.Deploy.0 = Release|Any CPU
		{62CB6FA4-8119-4A92-A40B-ABE097B2B0BA}.Ad-Hoc|ARM.ActiveCfg = Release|Any CPU
		{62CB6FA4-8119-4A92-A40B-ABE097B2B0BA}.Ad-Hoc|ARM.Build.0 = Release|Any CPU
		{62CB6FA4-8119-4A92-A40B-ABE097B2B0BA}.Ad-Hoc|ARM.Deploy.0 = Release|Any CPU
		{62CB6FA4-8119-4A92-A40B-ABE097B2B0BA}.Ad-Hoc|iPhone.ActiveCfg = Release|Any CPU
		{62CB6FA4-8119-4A92-A40B-ABE097B2B0BA}.Ad-Hoc|iPhone.Build.0 = Release|Any CPU
		{62CB6FA4-8119-4A92-A40B-ABE097B2B0BA}.Ad-Hoc|iPhone.Deploy.0 = Release|Any CPU
		{62CB6FA4-8119-4A92-A40B-ABE097B2B0BA}.Ad-Hoc|iPhoneSimulator.ActiveCfg = Release|Any CPU
		{62CB6FA4-8119-4A92-A40B-ABE097B2B0BA}.Ad-Hoc|iPhoneSimulator.Build.0 = Release|Any CPU
		{62CB6FA4-8119-4A92-A40B-ABE097B2B0BA}.Ad-Hoc|iPhoneSimulator.Deploy.0 = Release|Any CPU
		{62CB6FA4-8119-4A92-A40B-ABE097B2B0BA}.Ad-Hoc|x86.ActiveCfg = Release|Any CPU
		{62CB6FA4-8119-4A92-A40B-ABE097B2B0BA}.Ad-Hoc|x86.Build.0 = Release|Any CPU
		{62CB6FA4-8119-4A92-A40B-ABE097B2B0BA}.Ad-Hoc|x86.Deploy.0 = Release|Any CPU
		{62CB6FA4-8119-4A92-A40B-ABE097B2B0BA}.AppStore|Any CPU.ActiveCfg = Release|Any CPU
		{62CB6FA4-8119-4A92-A40B-ABE097B2B0BA}.AppStore|Any CPU.Build.0 = Release|Any CPU
		{62CB6FA4-8119-4A92-A40B-ABE097B2B0BA}.AppStore|Any CPU.Deploy.0 = Release|Any CPU
		{62CB6FA4-8119-4A92-A40B-ABE097B2B0BA}.AppStore|ARM.ActiveCfg = Release|Any CPU
		{62CB6FA4-8119-4A92-A40B-ABE097B2B0BA}.AppStore|ARM.Build.0 = Release|Any CPU
		{62CB6FA4-8119-4A92-A40B-ABE097B2B0BA}.AppStore|ARM.Deploy.0 = Release|Any CPU
		{62CB6FA4-8119-4A92-A40B-ABE097B2B0BA}.AppStore|iPhone.ActiveCfg = Release|Any CPU
		{62CB6FA4-8119-4A92-A40B-ABE097B2B0BA}.AppStore|iPhone.Build.0 = Release|Any CPU
		{62CB6FA4-8119-4A92-A40B-ABE097B2B0BA}.AppStore|iPhone.Deploy.0 = Release|Any CPU
		{62CB6FA4-8119-4A92-A40B-ABE097B2B0BA}.AppStore|iPhoneSimulator.ActiveCfg = Release|Any CPU
		{62CB6FA4-8119-4A92-A40B-ABE097B2B0BA}.AppStore|iPhoneSimulator.Build.0 = Release|Any CPU
		{62CB6FA4-8119-4A92-A40B-ABE097B2B0BA}.AppStore|iPhoneSimulator.Deploy.0 = Release|Any CPU
		{62CB6FA4-8119-4A92-A40B-ABE097B2B0BA}.AppStore|x86.ActiveCfg = Release|Any CPU
		{62CB6FA4-8119-4A92-A40B-ABE097B2B0BA}.AppStore|x86.Build.0 = Release|Any CPU
		{62CB6FA4-8119-4A92-A40B-ABE097B2B0BA}.AppStore|x86.Deploy.0 = Release|Any CPU
		{62CB6FA4-8119-4A92-A40B-ABE097B2B0BA}.Debug|Any CPU.ActiveCfg = Debug|Any CPU
		{62CB6FA4-8119-4A92-A40B-ABE097B2B0BA}.Debug|Any CPU.Build.0 = Debug|Any CPU
		{62CB6FA4-8119-4A92-A40B-ABE097B2B0BA}.Debug|Any CPU.Deploy.0 = Debug|Any CPU
		{62CB6FA4-8119-4A92-A40B-ABE097B2B0BA}.Debug|ARM.ActiveCfg = Debug|Any CPU
		{62CB6FA4-8119-4A92-A40B-ABE097B2B0BA}.Debug|ARM.Build.0 = Debug|Any CPU
		{62CB6FA4-8119-4A92-A40B-ABE097B2B0BA}.Debug|ARM.Deploy.0 = Debug|Any CPU
		{62CB6FA4-8119-4A92-A40B-ABE097B2B0BA}.Debug|iPhone.ActiveCfg = Debug|Any CPU
		{62CB6FA4-8119-4A92-A40B-ABE097B2B0BA}.Debug|iPhone.Build.0 = Debug|Any CPU
		{62CB6FA4-8119-4A92-A40B-ABE097B2B0BA}.Debug|iPhone.Deploy.0 = Debug|Any CPU
		{62CB6FA4-8119-4A92-A40B-ABE097B2B0BA}.Debug|iPhoneSimulator.ActiveCfg = Debug|Any CPU
		{62CB6FA4-8119-4A92-A40B-ABE097B2B0BA}.Debug|iPhoneSimulator.Build.0 = Debug|Any CPU
		{62CB6FA4-8119-4A92-A40B-ABE097B2B0BA}.Debug|iPhoneSimulator.Deploy.0 = Debug|Any CPU
		{62CB6FA4-8119-4A92-A40B-ABE097B2B0BA}.Debug|x86.ActiveCfg = Debug|Any CPU
		{62CB6FA4-8119-4A92-A40B-ABE097B2B0BA}.Debug|x86.Build.0 = Debug|Any CPU
		{62CB6FA4-8119-4A92-A40B-ABE097B2B0BA}.Debug|x86.Deploy.0 = Debug|Any CPU
		{62CB6FA4-8119-4A92-A40B-ABE097B2B0BA}.Release|Any CPU.ActiveCfg = Release|Any CPU
		{62CB6FA4-8119-4A92-A40B-ABE097B2B0BA}.Release|Any CPU.Build.0 = Release|Any CPU
		{62CB6FA4-8119-4A92-A40B-ABE097B2B0BA}.Release|Any CPU.Deploy.0 = Release|Any CPU
		{62CB6FA4-8119-4A92-A40B-ABE097B2B0BA}.Release|ARM.ActiveCfg = Release|Any CPU
		{62CB6FA4-8119-4A92-A40B-ABE097B2B0BA}.Release|ARM.Build.0 = Release|Any CPU
		{62CB6FA4-8119-4A92-A40B-ABE097B2B0BA}.Release|ARM.Deploy.0 = Release|Any CPU
		{62CB6FA4-8119-4A92-A40B-ABE097B2B0BA}.Release|iPhone.ActiveCfg = Release|Any CPU
		{62CB6FA4-8119-4A92-A40B-ABE097B2B0BA}.Release|iPhone.Build.0 = Release|Any CPU
		{62CB6FA4-8119-4A92-A40B-ABE097B2B0BA}.Release|iPhone.Deploy.0 = Release|Any CPU
		{62CB6FA4-8119-4A92-A40B-ABE097B2B0BA}.Release|iPhoneSimulator.ActiveCfg = Release|Any CPU
		{62CB6FA4-8119-4A92-A40B-ABE097B2B0BA}.Release|iPhoneSimulator.Build.0 = Release|Any CPU
		{62CB6FA4-8119-4A92-A40B-ABE097B2B0BA}.Release|iPhoneSimulator.Deploy.0 = Release|Any CPU
		{62CB6FA4-8119-4A92-A40B-ABE097B2B0BA}.Release|x86.ActiveCfg = Release|Any CPU
		{62CB6FA4-8119-4A92-A40B-ABE097B2B0BA}.Release|x86.Build.0 = Release|Any CPU
		{62CB6FA4-8119-4A92-A40B-ABE097B2B0BA}.Release|x86.Deploy.0 = Release|Any CPU
		{406ED939-1A8D-4F86-96CD-F94AFF5CC66E}.Ad-Hoc|Any CPU.ActiveCfg = Ad-Hoc|iPhone
		{406ED939-1A8D-4F86-96CD-F94AFF5CC66E}.Ad-Hoc|ARM.ActiveCfg = Ad-Hoc|iPhone
		{406ED939-1A8D-4F86-96CD-F94AFF5CC66E}.Ad-Hoc|iPhone.ActiveCfg = Ad-Hoc|iPhone
		{406ED939-1A8D-4F86-96CD-F94AFF5CC66E}.Ad-Hoc|iPhone.Build.0 = Ad-Hoc|iPhone
		{406ED939-1A8D-4F86-96CD-F94AFF5CC66E}.Ad-Hoc|iPhoneSimulator.ActiveCfg = Ad-Hoc|iPhoneSimulator
		{406ED939-1A8D-4F86-96CD-F94AFF5CC66E}.Ad-Hoc|iPhoneSimulator.Build.0 = Ad-Hoc|iPhoneSimulator
		{406ED939-1A8D-4F86-96CD-F94AFF5CC66E}.Ad-Hoc|x86.ActiveCfg = Ad-Hoc|iPhone
		{406ED939-1A8D-4F86-96CD-F94AFF5CC66E}.AppStore|Any CPU.ActiveCfg = AppStore|iPhone
		{406ED939-1A8D-4F86-96CD-F94AFF5CC66E}.AppStore|ARM.ActiveCfg = AppStore|iPhone
		{406ED939-1A8D-4F86-96CD-F94AFF5CC66E}.AppStore|iPhone.ActiveCfg = AppStore|iPhone
		{406ED939-1A8D-4F86-96CD-F94AFF5CC66E}.AppStore|iPhone.Build.0 = AppStore|iPhone
		{406ED939-1A8D-4F86-96CD-F94AFF5CC66E}.AppStore|iPhoneSimulator.ActiveCfg = AppStore|iPhoneSimulator
		{406ED939-1A8D-4F86-96CD-F94AFF5CC66E}.AppStore|iPhoneSimulator.Build.0 = AppStore|iPhoneSimulator
		{406ED939-1A8D-4F86-96CD-F94AFF5CC66E}.AppStore|x86.ActiveCfg = AppStore|iPhone
		{406ED939-1A8D-4F86-96CD-F94AFF5CC66E}.Debug|Any CPU.ActiveCfg = Debug|iPhone
		{406ED939-1A8D-4F86-96CD-F94AFF5CC66E}.Debug|ARM.ActiveCfg = Debug|iPhone
		{406ED939-1A8D-4F86-96CD-F94AFF5CC66E}.Debug|iPhone.ActiveCfg = Debug|iPhone
		{406ED939-1A8D-4F86-96CD-F94AFF5CC66E}.Debug|iPhone.Build.0 = Debug|iPhone
		{406ED939-1A8D-4F86-96CD-F94AFF5CC66E}.Debug|iPhoneSimulator.ActiveCfg = Debug|iPhoneSimulator
		{406ED939-1A8D-4F86-96CD-F94AFF5CC66E}.Debug|iPhoneSimulator.Build.0 = Debug|iPhoneSimulator
		{406ED939-1A8D-4F86-96CD-F94AFF5CC66E}.Debug|x86.ActiveCfg = Debug|iPhone
		{406ED939-1A8D-4F86-96CD-F94AFF5CC66E}.Release|Any CPU.ActiveCfg = Release|iPhone
		{406ED939-1A8D-4F86-96CD-F94AFF5CC66E}.Release|ARM.ActiveCfg = Release|iPhone
		{406ED939-1A8D-4F86-96CD-F94AFF5CC66E}.Release|iPhone.ActiveCfg = Release|iPhone
		{406ED939-1A8D-4F86-96CD-F94AFF5CC66E}.Release|iPhone.Build.0 = Release|iPhone
		{406ED939-1A8D-4F86-96CD-F94AFF5CC66E}.Release|iPhoneSimulator.ActiveCfg = Release|iPhoneSimulator
		{406ED939-1A8D-4F86-96CD-F94AFF5CC66E}.Release|iPhoneSimulator.Build.0 = Release|iPhoneSimulator
		{406ED939-1A8D-4F86-96CD-F94AFF5CC66E}.Release|x86.ActiveCfg = Release|iPhone
		{E42AA95C-6DB3-4ACE-8A4F-0596C0A6B832}.Ad-Hoc|Any CPU.ActiveCfg = Release|Any CPU
		{E42AA95C-6DB3-4ACE-8A4F-0596C0A6B832}.Ad-Hoc|Any CPU.Build.0 = Release|Any CPU
		{E42AA95C-6DB3-4ACE-8A4F-0596C0A6B832}.Ad-Hoc|Any CPU.Deploy.0 = Release|Any CPU
		{E42AA95C-6DB3-4ACE-8A4F-0596C0A6B832}.Ad-Hoc|ARM.ActiveCfg = Release|ARM
		{E42AA95C-6DB3-4ACE-8A4F-0596C0A6B832}.Ad-Hoc|ARM.Build.0 = Release|ARM
		{E42AA95C-6DB3-4ACE-8A4F-0596C0A6B832}.Ad-Hoc|ARM.Deploy.0 = Release|ARM
		{E42AA95C-6DB3-4ACE-8A4F-0596C0A6B832}.Ad-Hoc|iPhone.ActiveCfg = Release|Any CPU
		{E42AA95C-6DB3-4ACE-8A4F-0596C0A6B832}.Ad-Hoc|iPhone.Build.0 = Release|Any CPU
		{E42AA95C-6DB3-4ACE-8A4F-0596C0A6B832}.Ad-Hoc|iPhone.Deploy.0 = Release|Any CPU
		{E42AA95C-6DB3-4ACE-8A4F-0596C0A6B832}.Ad-Hoc|iPhoneSimulator.ActiveCfg = Release|Any CPU
		{E42AA95C-6DB3-4ACE-8A4F-0596C0A6B832}.Ad-Hoc|iPhoneSimulator.Build.0 = Release|Any CPU
		{E42AA95C-6DB3-4ACE-8A4F-0596C0A6B832}.Ad-Hoc|iPhoneSimulator.Deploy.0 = Release|Any CPU
		{E42AA95C-6DB3-4ACE-8A4F-0596C0A6B832}.Ad-Hoc|x86.ActiveCfg = Release|x86
		{E42AA95C-6DB3-4ACE-8A4F-0596C0A6B832}.Ad-Hoc|x86.Build.0 = Release|x86
		{E42AA95C-6DB3-4ACE-8A4F-0596C0A6B832}.Ad-Hoc|x86.Deploy.0 = Release|x86
		{E42AA95C-6DB3-4ACE-8A4F-0596C0A6B832}.AppStore|Any CPU.ActiveCfg = Release|Any CPU
		{E42AA95C-6DB3-4ACE-8A4F-0596C0A6B832}.AppStore|Any CPU.Build.0 = Release|Any CPU
		{E42AA95C-6DB3-4ACE-8A4F-0596C0A6B832}.AppStore|Any CPU.Deploy.0 = Release|Any CPU
		{E42AA95C-6DB3-4ACE-8A4F-0596C0A6B832}.AppStore|ARM.ActiveCfg = Release|ARM
		{E42AA95C-6DB3-4ACE-8A4F-0596C0A6B832}.AppStore|ARM.Build.0 = Release|ARM
		{E42AA95C-6DB3-4ACE-8A4F-0596C0A6B832}.AppStore|ARM.Deploy.0 = Release|ARM
		{E42AA95C-6DB3-4ACE-8A4F-0596C0A6B832}.AppStore|iPhone.ActiveCfg = Release|Any CPU
		{E42AA95C-6DB3-4ACE-8A4F-0596C0A6B832}.AppStore|iPhone.Build.0 = Release|Any CPU
		{E42AA95C-6DB3-4ACE-8A4F-0596C0A6B832}.AppStore|iPhone.Deploy.0 = Release|Any CPU
		{E42AA95C-6DB3-4ACE-8A4F-0596C0A6B832}.AppStore|iPhoneSimulator.ActiveCfg = Release|Any CPU
		{E42AA95C-6DB3-4ACE-8A4F-0596C0A6B832}.AppStore|iPhoneSimulator.Build.0 = Release|Any CPU
		{E42AA95C-6DB3-4ACE-8A4F-0596C0A6B832}.AppStore|iPhoneSimulator.Deploy.0 = Release|Any CPU
		{E42AA95C-6DB3-4ACE-8A4F-0596C0A6B832}.AppStore|x86.ActiveCfg = Release|x86
		{E42AA95C-6DB3-4ACE-8A4F-0596C0A6B832}.AppStore|x86.Build.0 = Release|x86
		{E42AA95C-6DB3-4ACE-8A4F-0596C0A6B832}.AppStore|x86.Deploy.0 = Release|x86
		{E42AA95C-6DB3-4ACE-8A4F-0596C0A6B832}.Debug|Any CPU.ActiveCfg = Debug|Any CPU
		{E42AA95C-6DB3-4ACE-8A4F-0596C0A6B832}.Debug|Any CPU.Build.0 = Debug|Any CPU
		{E42AA95C-6DB3-4ACE-8A4F-0596C0A6B832}.Debug|Any CPU.Deploy.0 = Debug|Any CPU
		{E42AA95C-6DB3-4ACE-8A4F-0596C0A6B832}.Debug|ARM.ActiveCfg = Debug|ARM
		{E42AA95C-6DB3-4ACE-8A4F-0596C0A6B832}.Debug|ARM.Build.0 = Debug|ARM
		{E42AA95C-6DB3-4ACE-8A4F-0596C0A6B832}.Debug|ARM.Deploy.0 = Debug|ARM
		{E42AA95C-6DB3-4ACE-8A4F-0596C0A6B832}.Debug|iPhone.ActiveCfg = Debug|Any CPU
		{E42AA95C-6DB3-4ACE-8A4F-0596C0A6B832}.Debug|iPhone.Build.0 = Debug|Any CPU
		{E42AA95C-6DB3-4ACE-8A4F-0596C0A6B832}.Debug|iPhone.Deploy.0 = Debug|Any CPU
		{E42AA95C-6DB3-4ACE-8A4F-0596C0A6B832}.Debug|iPhoneSimulator.ActiveCfg = Debug|Any CPU
		{E42AA95C-6DB3-4ACE-8A4F-0596C0A6B832}.Debug|iPhoneSimulator.Build.0 = Debug|Any CPU
		{E42AA95C-6DB3-4ACE-8A4F-0596C0A6B832}.Debug|iPhoneSimulator.Deploy.0 = Debug|Any CPU
		{E42AA95C-6DB3-4ACE-8A4F-0596C0A6B832}.Debug|x86.ActiveCfg = Debug|x86
		{E42AA95C-6DB3-4ACE-8A4F-0596C0A6B832}.Debug|x86.Build.0 = Debug|x86
		{E42AA95C-6DB3-4ACE-8A4F-0596C0A6B832}.Debug|x86.Deploy.0 = Debug|x86
		{E42AA95C-6DB3-4ACE-8A4F-0596C0A6B832}.Release|Any CPU.ActiveCfg = Release|Any CPU
		{E42AA95C-6DB3-4ACE-8A4F-0596C0A6B832}.Release|Any CPU.Build.0 = Release|Any CPU
		{E42AA95C-6DB3-4ACE-8A4F-0596C0A6B832}.Release|Any CPU.Deploy.0 = Release|Any CPU
		{E42AA95C-6DB3-4ACE-8A4F-0596C0A6B832}.Release|ARM.ActiveCfg = Release|ARM
		{E42AA95C-6DB3-4ACE-8A4F-0596C0A6B832}.Release|ARM.Build.0 = Release|ARM
		{E42AA95C-6DB3-4ACE-8A4F-0596C0A6B832}.Release|ARM.Deploy.0 = Release|ARM
		{E42AA95C-6DB3-4ACE-8A4F-0596C0A6B832}.Release|iPhone.ActiveCfg = Release|Any CPU
		{E42AA95C-6DB3-4ACE-8A4F-0596C0A6B832}.Release|iPhone.Build.0 = Release|Any CPU
		{E42AA95C-6DB3-4ACE-8A4F-0596C0A6B832}.Release|iPhone.Deploy.0 = Release|Any CPU
		{E42AA95C-6DB3-4ACE-8A4F-0596C0A6B832}.Release|iPhoneSimulator.ActiveCfg = Release|Any CPU
		{E42AA95C-6DB3-4ACE-8A4F-0596C0A6B832}.Release|iPhoneSimulator.Build.0 = Release|Any CPU
		{E42AA95C-6DB3-4ACE-8A4F-0596C0A6B832}.Release|iPhoneSimulator.Deploy.0 = Release|Any CPU
		{E42AA95C-6DB3-4ACE-8A4F-0596C0A6B832}.Release|x86.ActiveCfg = Release|x86
		{E42AA95C-6DB3-4ACE-8A4F-0596C0A6B832}.Release|x86.Build.0 = Release|x86
		{E42AA95C-6DB3-4ACE-8A4F-0596C0A6B832}.Release|x86.Deploy.0 = Release|x86
		{461866BE-B985-4CB1-B756-BBA74CE2D094}.Ad-Hoc|Any CPU.ActiveCfg = Release|Any CPU
		{461866BE-B985-4CB1-B756-BBA74CE2D094}.Ad-Hoc|Any CPU.Build.0 = Release|Any CPU
		{461866BE-B985-4CB1-B756-BBA74CE2D094}.Ad-Hoc|ARM.ActiveCfg = Release|Any CPU
		{461866BE-B985-4CB1-B756-BBA74CE2D094}.Ad-Hoc|ARM.Build.0 = Release|Any CPU
		{461866BE-B985-4CB1-B756-BBA74CE2D094}.Ad-Hoc|iPhone.ActiveCfg = Release|Any CPU
		{461866BE-B985-4CB1-B756-BBA74CE2D094}.Ad-Hoc|iPhone.Build.0 = Release|Any CPU
		{461866BE-B985-4CB1-B756-BBA74CE2D094}.Ad-Hoc|iPhoneSimulator.ActiveCfg = Release|Any CPU
		{461866BE-B985-4CB1-B756-BBA74CE2D094}.Ad-Hoc|iPhoneSimulator.Build.0 = Release|Any CPU
		{461866BE-B985-4CB1-B756-BBA74CE2D094}.Ad-Hoc|x86.ActiveCfg = Release|Any CPU
		{461866BE-B985-4CB1-B756-BBA74CE2D094}.Ad-Hoc|x86.Build.0 = Release|Any CPU
		{461866BE-B985-4CB1-B756-BBA74CE2D094}.AppStore|Any CPU.ActiveCfg = Release|Any CPU
		{461866BE-B985-4CB1-B756-BBA74CE2D094}.AppStore|Any CPU.Build.0 = Release|Any CPU
		{461866BE-B985-4CB1-B756-BBA74CE2D094}.AppStore|ARM.ActiveCfg = Release|Any CPU
		{461866BE-B985-4CB1-B756-BBA74CE2D094}.AppStore|ARM.Build.0 = Release|Any CPU
		{461866BE-B985-4CB1-B756-BBA74CE2D094}.AppStore|iPhone.ActiveCfg = Release|Any CPU
		{461866BE-B985-4CB1-B756-BBA74CE2D094}.AppStore|iPhone.Build.0 = Release|Any CPU
		{461866BE-B985-4CB1-B756-BBA74CE2D094}.AppStore|iPhoneSimulator.ActiveCfg = Release|Any CPU
		{461866BE-B985-4CB1-B756-BBA74CE2D094}.AppStore|iPhoneSimulator.Build.0 = Release|Any CPU
		{461866BE-B985-4CB1-B756-BBA74CE2D094}.AppStore|x86.ActiveCfg = Release|Any CPU
		{461866BE-B985-4CB1-B756-BBA74CE2D094}.AppStore|x86.Build.0 = Release|Any CPU
		{461866BE-B985-4CB1-B756-BBA74CE2D094}.Debug|Any CPU.ActiveCfg = Debug|Any CPU
		{461866BE-B985-4CB1-B756-BBA74CE2D094}.Debug|Any CPU.Build.0 = Debug|Any CPU
		{461866BE-B985-4CB1-B756-BBA74CE2D094}.Debug|ARM.ActiveCfg = Debug|Any CPU
		{461866BE-B985-4CB1-B756-BBA74CE2D094}.Debug|ARM.Build.0 = Debug|Any CPU
		{461866BE-B985-4CB1-B756-BBA74CE2D094}.Debug|iPhone.ActiveCfg = Debug|Any CPU
		{461866BE-B985-4CB1-B756-BBA74CE2D094}.Debug|iPhone.Build.0 = Debug|Any CPU
		{461866BE-B985-4CB1-B756-BBA74CE2D094}.Debug|iPhoneSimulator.ActiveCfg = Debug|Any CPU
		{461866BE-B985-4CB1-B756-BBA74CE2D094}.Debug|iPhoneSimulator.Build.0 = Debug|Any CPU
		{461866BE-B985-4CB1-B756-BBA74CE2D094}.Debug|x86.ActiveCfg = Debug|Any CPU
		{461866BE-B985-4CB1-B756-BBA74CE2D094}.Debug|x86.Build.0 = Debug|Any CPU
		{461866BE-B985-4CB1-B756-BBA74CE2D094}.Release|Any CPU.ActiveCfg = Release|Any CPU
		{461866BE-B985-4CB1-B756-BBA74CE2D094}.Release|Any CPU.Build.0 = Release|Any CPU
		{461866BE-B985-4CB1-B756-BBA74CE2D094}.Release|ARM.ActiveCfg = Release|Any CPU
		{461866BE-B985-4CB1-B756-BBA74CE2D094}.Release|ARM.Build.0 = Release|Any CPU
		{461866BE-B985-4CB1-B756-BBA74CE2D094}.Release|iPhone.ActiveCfg = Release|Any CPU
		{461866BE-B985-4CB1-B756-BBA74CE2D094}.Release|iPhone.Build.0 = Release|Any CPU
		{461866BE-B985-4CB1-B756-BBA74CE2D094}.Release|iPhoneSimulator.ActiveCfg = Release|Any CPU
		{461866BE-B985-4CB1-B756-BBA74CE2D094}.Release|iPhoneSimulator.Build.0 = Release|Any CPU
		{461866BE-B985-4CB1-B756-BBA74CE2D094}.Release|x86.ActiveCfg = Release|Any CPU
		{461866BE-B985-4CB1-B756-BBA74CE2D094}.Release|x86.Build.0 = Release|Any CPU
		{120F02ED-DBD8-455B-98D8-ADAF84EDD3EC}.Ad-Hoc|Any CPU.ActiveCfg = Release|Any CPU
		{120F02ED-DBD8-455B-98D8-ADAF84EDD3EC}.Ad-Hoc|Any CPU.Build.0 = Release|Any CPU
		{120F02ED-DBD8-455B-98D8-ADAF84EDD3EC}.Ad-Hoc|ARM.ActiveCfg = Release|Any CPU
		{120F02ED-DBD8-455B-98D8-ADAF84EDD3EC}.Ad-Hoc|ARM.Build.0 = Release|Any CPU
		{120F02ED-DBD8-455B-98D8-ADAF84EDD3EC}.Ad-Hoc|iPhone.ActiveCfg = Release|Any CPU
		{120F02ED-DBD8-455B-98D8-ADAF84EDD3EC}.Ad-Hoc|iPhone.Build.0 = Release|Any CPU
		{120F02ED-DBD8-455B-98D8-ADAF84EDD3EC}.Ad-Hoc|iPhoneSimulator.ActiveCfg = Release|Any CPU
		{120F02ED-DBD8-455B-98D8-ADAF84EDD3EC}.Ad-Hoc|iPhoneSimulator.Build.0 = Release|Any CPU
		{120F02ED-DBD8-455B-98D8-ADAF84EDD3EC}.Ad-Hoc|x86.ActiveCfg = Release|Any CPU
		{120F02ED-DBD8-455B-98D8-ADAF84EDD3EC}.Ad-Hoc|x86.Build.0 = Release|Any CPU
		{120F02ED-DBD8-455B-98D8-ADAF84EDD3EC}.AppStore|Any CPU.ActiveCfg = Release|Any CPU
		{120F02ED-DBD8-455B-98D8-ADAF84EDD3EC}.AppStore|Any CPU.Build.0 = Release|Any CPU
		{120F02ED-DBD8-455B-98D8-ADAF84EDD3EC}.AppStore|ARM.ActiveCfg = Release|Any CPU
		{120F02ED-DBD8-455B-98D8-ADAF84EDD3EC}.AppStore|ARM.Build.0 = Release|Any CPU
		{120F02ED-DBD8-455B-98D8-ADAF84EDD3EC}.AppStore|iPhone.ActiveCfg = Release|Any CPU
		{120F02ED-DBD8-455B-98D8-ADAF84EDD3EC}.AppStore|iPhone.Build.0 = Release|Any CPU
		{120F02ED-DBD8-455B-98D8-ADAF84EDD3EC}.AppStore|iPhoneSimulator.ActiveCfg = Release|Any CPU
		{120F02ED-DBD8-455B-98D8-ADAF84EDD3EC}.AppStore|iPhoneSimulator.Build.0 = Release|Any CPU
		{120F02ED-DBD8-455B-98D8-ADAF84EDD3EC}.AppStore|x86.ActiveCfg = Release|Any CPU
		{120F02ED-DBD8-455B-98D8-ADAF84EDD3EC}.AppStore|x86.Build.0 = Release|Any CPU
		{120F02ED-DBD8-455B-98D8-ADAF84EDD3EC}.Debug|Any CPU.ActiveCfg = Debug|Any CPU
		{120F02ED-DBD8-455B-98D8-ADAF84EDD3EC}.Debug|Any CPU.Build.0 = Debug|Any CPU
		{120F02ED-DBD8-455B-98D8-ADAF84EDD3EC}.Debug|ARM.ActiveCfg = Debug|Any CPU
		{120F02ED-DBD8-455B-98D8-ADAF84EDD3EC}.Debug|ARM.Build.0 = Debug|Any CPU
		{120F02ED-DBD8-455B-98D8-ADAF84EDD3EC}.Debug|iPhone.ActiveCfg = Debug|Any CPU
		{120F02ED-DBD8-455B-98D8-ADAF84EDD3EC}.Debug|iPhone.Build.0 = Debug|Any CPU
		{120F02ED-DBD8-455B-98D8-ADAF84EDD3EC}.Debug|iPhoneSimulator.ActiveCfg = Debug|Any CPU
		{120F02ED-DBD8-455B-98D8-ADAF84EDD3EC}.Debug|iPhoneSimulator.Build.0 = Debug|Any CPU
		{120F02ED-DBD8-455B-98D8-ADAF84EDD3EC}.Debug|x86.ActiveCfg = Debug|Any CPU
		{120F02ED-DBD8-455B-98D8-ADAF84EDD3EC}.Debug|x86.Build.0 = Debug|Any CPU
		{120F02ED-DBD8-455B-98D8-ADAF84EDD3EC}.Release|Any CPU.ActiveCfg = Release|Any CPU
		{120F02ED-DBD8-455B-98D8-ADAF84EDD3EC}.Release|Any CPU.Build.0 = Release|Any CPU
		{120F02ED-DBD8-455B-98D8-ADAF84EDD3EC}.Release|ARM.ActiveCfg = Release|Any CPU
		{120F02ED-DBD8-455B-98D8-ADAF84EDD3EC}.Release|ARM.Build.0 = Release|Any CPU
		{120F02ED-DBD8-455B-98D8-ADAF84EDD3EC}.Release|iPhone.ActiveCfg = Release|Any CPU
		{120F02ED-DBD8-455B-98D8-ADAF84EDD3EC}.Release|iPhone.Build.0 = Release|Any CPU
		{120F02ED-DBD8-455B-98D8-ADAF84EDD3EC}.Release|iPhoneSimulator.ActiveCfg = Release|Any CPU
		{120F02ED-DBD8-455B-98D8-ADAF84EDD3EC}.Release|iPhoneSimulator.Build.0 = Release|Any CPU
		{120F02ED-DBD8-455B-98D8-ADAF84EDD3EC}.Release|x86.ActiveCfg = Release|Any CPU
		{120F02ED-DBD8-455B-98D8-ADAF84EDD3EC}.Release|x86.Build.0 = Release|Any CPU
		{F4558AEA-A6DE-457C-87EC-A09FF21CD004}.Ad-Hoc|Any CPU.ActiveCfg = Release|Any CPU
		{F4558AEA-A6DE-457C-87EC-A09FF21CD004}.Ad-Hoc|Any CPU.Build.0 = Release|Any CPU
		{F4558AEA-A6DE-457C-87EC-A09FF21CD004}.Ad-Hoc|ARM.ActiveCfg = Release|Any CPU
		{F4558AEA-A6DE-457C-87EC-A09FF21CD004}.Ad-Hoc|ARM.Build.0 = Release|Any CPU
		{F4558AEA-A6DE-457C-87EC-A09FF21CD004}.Ad-Hoc|iPhone.ActiveCfg = Release|Any CPU
		{F4558AEA-A6DE-457C-87EC-A09FF21CD004}.Ad-Hoc|iPhone.Build.0 = Release|Any CPU
		{F4558AEA-A6DE-457C-87EC-A09FF21CD004}.Ad-Hoc|iPhoneSimulator.ActiveCfg = Release|Any CPU
		{F4558AEA-A6DE-457C-87EC-A09FF21CD004}.Ad-Hoc|iPhoneSimulator.Build.0 = Release|Any CPU
		{F4558AEA-A6DE-457C-87EC-A09FF21CD004}.Ad-Hoc|x86.ActiveCfg = Release|Any CPU
		{F4558AEA-A6DE-457C-87EC-A09FF21CD004}.Ad-Hoc|x86.Build.0 = Release|Any CPU
		{F4558AEA-A6DE-457C-87EC-A09FF21CD004}.AppStore|Any CPU.ActiveCfg = Release|Any CPU
		{F4558AEA-A6DE-457C-87EC-A09FF21CD004}.AppStore|Any CPU.Build.0 = Release|Any CPU
		{F4558AEA-A6DE-457C-87EC-A09FF21CD004}.AppStore|ARM.ActiveCfg = Release|Any CPU
		{F4558AEA-A6DE-457C-87EC-A09FF21CD004}.AppStore|ARM.Build.0 = Release|Any CPU
		{F4558AEA-A6DE-457C-87EC-A09FF21CD004}.AppStore|iPhone.ActiveCfg = Release|Any CPU
		{F4558AEA-A6DE-457C-87EC-A09FF21CD004}.AppStore|iPhone.Build.0 = Release|Any CPU
		{F4558AEA-A6DE-457C-87EC-A09FF21CD004}.AppStore|iPhoneSimulator.ActiveCfg = Release|Any CPU
		{F4558AEA-A6DE-457C-87EC-A09FF21CD004}.AppStore|iPhoneSimulator.Build.0 = Release|Any CPU
		{F4558AEA-A6DE-457C-87EC-A09FF21CD004}.AppStore|x86.ActiveCfg = Release|Any CPU
		{F4558AEA-A6DE-457C-87EC-A09FF21CD004}.AppStore|x86.Build.0 = Release|Any CPU
		{F4558AEA-A6DE-457C-87EC-A09FF21CD004}.Debug|Any CPU.ActiveCfg = Debug|Any CPU
		{F4558AEA-A6DE-457C-87EC-A09FF21CD004}.Debug|Any CPU.Build.0 = Debug|Any CPU
		{F4558AEA-A6DE-457C-87EC-A09FF21CD004}.Debug|ARM.ActiveCfg = Debug|Any CPU
		{F4558AEA-A6DE-457C-87EC-A09FF21CD004}.Debug|ARM.Build.0 = Debug|Any CPU
		{F4558AEA-A6DE-457C-87EC-A09FF21CD004}.Debug|iPhone.ActiveCfg = Debug|Any CPU
		{F4558AEA-A6DE-457C-87EC-A09FF21CD004}.Debug|iPhone.Build.0 = Debug|Any CPU
		{F4558AEA-A6DE-457C-87EC-A09FF21CD004}.Debug|iPhoneSimulator.ActiveCfg = Debug|Any CPU
		{F4558AEA-A6DE-457C-87EC-A09FF21CD004}.Debug|iPhoneSimulator.Build.0 = Debug|Any CPU
		{F4558AEA-A6DE-457C-87EC-A09FF21CD004}.Debug|x86.ActiveCfg = Debug|Any CPU
		{F4558AEA-A6DE-457C-87EC-A09FF21CD004}.Debug|x86.Build.0 = Debug|Any CPU
		{F4558AEA-A6DE-457C-87EC-A09FF21CD004}.Release|Any CPU.ActiveCfg = Release|Any CPU
		{F4558AEA-A6DE-457C-87EC-A09FF21CD004}.Release|Any CPU.Build.0 = Release|Any CPU
		{F4558AEA-A6DE-457C-87EC-A09FF21CD004}.Release|ARM.ActiveCfg = Release|Any CPU
		{F4558AEA-A6DE-457C-87EC-A09FF21CD004}.Release|ARM.Build.0 = Release|Any CPU
		{F4558AEA-A6DE-457C-87EC-A09FF21CD004}.Release|iPhone.ActiveCfg = Release|Any CPU
		{F4558AEA-A6DE-457C-87EC-A09FF21CD004}.Release|iPhone.Build.0 = Release|Any CPU
		{F4558AEA-A6DE-457C-87EC-A09FF21CD004}.Release|iPhoneSimulator.ActiveCfg = Release|Any CPU
		{F4558AEA-A6DE-457C-87EC-A09FF21CD004}.Release|iPhoneSimulator.Build.0 = Release|Any CPU
		{F4558AEA-A6DE-457C-87EC-A09FF21CD004}.Release|x86.ActiveCfg = Release|Any CPU
		{F4558AEA-A6DE-457C-87EC-A09FF21CD004}.Release|x86.Build.0 = Release|Any CPU
	EndGlobalSection
	GlobalSection(SolutionProperties) = preSolution
		HideSolutionNode = FALSE
	EndGlobalSection
EndGlobal
